
Microsoft Visual Studio Solution File, Format Version 11.00
# Visual Studio 2010
Project("{8BC9CEB8-8B4A-11D0-8D11-00A0C91BC942}") = "GAM-1514 Windows Game", "Windows Game\GAM-1514 Windows Game.vcxproj", "{CED9FB28-17F4-4146-9351-8C13EE9D3BDE}"
EndProject
Global
	GlobalSection(SolutionConfigurationPlatforms) = preSolution
		Debug|Win32 = Debug|Win32
		Release|Win32 = Release|Win32
	EndGlobalSection
	GlobalSection(ProjectConfigurationPlatforms) = postSolution
		{CED9FB28-17F4-4146-9351-8C13EE9D3BDE}.Debug|Win32.ActiveCfg = Debug|Win32
		{CED9FB28-17F4-4146-9351-8C13EE9D3BDE}.Debug|Win32.Build.0 = Debug|Win32
		{CED9FB28-17F4-4146-9351-8C13EE9D3BDE}.Release|Win32.ActiveCfg = Release|Win32
		{CED9FB28-17F4-4146-9351-8C13EE9D3BDE}.Release|Win32.Build.0 = Release|Win32
	EndGlobalSection
	GlobalSection(SolutionProperties) = preSolution
		HideSolutionNode = FALSE
	EndGlobalSection
EndGlobal
